// !$*UTF8*$!
{
	archiveVersion = 1;
	classes = {
	};
	objectVersion = 46;
	objects = {

/* Begin PBXBuildFile section */
		348BDC240FA04FF73369A4DA /* Pods_TrackTVTests.framework in Frameworks */ = {isa = PBXBuildFile; fileRef = 45F53A1481D323406EB25E00 /* Pods_TrackTVTests.framework */; };
		538123F7D3B5FD7E28B5D51F /* Pods_TrackTV.framework in Frameworks */ = {isa = PBXBuildFile; fileRef = 2FC252C517D7BF2A39DEB394 /* Pods_TrackTV.framework */; };
		E24BD7521EAD24AC0027BDE9 /* AppDelegate.swift in Sources */ = {isa = PBXBuildFile; fileRef = E24BD7511EAD24AC0027BDE9 /* AppDelegate.swift */; };
		E24BD7571EAD24AC0027BDE9 /* Main.storyboard in Resources */ = {isa = PBXBuildFile; fileRef = E24BD7551EAD24AC0027BDE9 /* Main.storyboard */; };
		E24BD7591EAD24AC0027BDE9 /* Assets.xcassets in Resources */ = {isa = PBXBuildFile; fileRef = E24BD7581EAD24AC0027BDE9 /* Assets.xcassets */; };
		E24BD75C1EAD24AC0027BDE9 /* LaunchScreen.storyboard in Resources */ = {isa = PBXBuildFile; fileRef = E24BD75A1EAD24AC0027BDE9 /* LaunchScreen.storyboard */; };
		E24BD7751EAD2A000027BDE9 /* Genre.swift in Sources */ = {isa = PBXBuildFile; fileRef = E24BD7721EAD2A000027BDE9 /* Genre.swift */; };
		E24BD7771EAD2A000027BDE9 /* Movie.swift in Sources */ = {isa = PBXBuildFile; fileRef = E24BD7741EAD2A000027BDE9 /* Movie.swift */; };
		E24BD77B1EAD2C340027BDE9 /* GradientView.swift in Sources */ = {isa = PBXBuildFile; fileRef = E24BD77A1EAD2C340027BDE9 /* GradientView.swift */; };
		E24BD77D1EAD2EB00027BDE9 /* MovieCollectionViewCell.swift in Sources */ = {isa = PBXBuildFile; fileRef = E24BD77C1EAD2EB00027BDE9 /* MovieCollectionViewCell.swift */; };
		E24BD7801EAD32410027BDE9 /* MovieCollectionViewController.swift in Sources */ = {isa = PBXBuildFile; fileRef = E24BD77F1EAD32410027BDE9 /* MovieCollectionViewController.swift */; };
		E24BD7831EAD39930027BDE9 /* Realm+Extensions.swift in Sources */ = {isa = PBXBuildFile; fileRef = E24BD7821EAD39930027BDE9 /* Realm+Extensions.swift */; };
		E24BD7851EAD3C060027BDE9 /* DataHandler.swift in Sources */ = {isa = PBXBuildFile; fileRef = E24BD7841EAD3C060027BDE9 /* DataHandler.swift */; };
		E24BD7871EAD3D690027BDE9 /* JSONKeys.swift in Sources */ = {isa = PBXBuildFile; fileRef = E24BD7861EAD3D690027BDE9 /* JSONKeys.swift */; };
		E24BD78B1EAD44DB0027BDE9 /* movie.json in Resources */ = {isa = PBXBuildFile; fileRef = E24BD78A1EAD44DB0027BDE9 /* movie.json */; };
		E2B2BCCE1EAD479D0049619E /* DataTests.swift in Sources */ = {isa = PBXBuildFile; fileRef = E2B2BCCD1EAD479D0049619E /* DataTests.swift */; };
		E2B2BCD01EAD53040049619E /* fanart.json in Resources */ = {isa = PBXBuildFile; fileRef = E2B2BCCF1EAD53040049619E /* fanart.json */; };
		E2B2BCD31EAD573D0049619E /* MovieViewModel.swift in Sources */ = {isa = PBXBuildFile; fileRef = E2B2BCD21EAD573D0049619E /* MovieViewModel.swift */; };
/* End PBXBuildFile section */

/* Begin PBXContainerItemProxy section */
		E24BD7631EAD24AC0027BDE9 /* PBXContainerItemProxy */ = {
			isa = PBXContainerItemProxy;
			containerPortal = E24BD7461EAD24AC0027BDE9 /* Project object */;
			proxyType = 1;
			remoteGlobalIDString = E24BD74D1EAD24AC0027BDE9;
			remoteInfo = TrackTV;
		};
/* End PBXContainerItemProxy section */

/* Begin PBXFileReference section */
		2A8C26DA0E3BDF60FA42B662 /* Pods-TrackTV.debug.xcconfig */ = {isa = PBXFileReference; includeInIndex = 1; lastKnownFileType = text.xcconfig; name = "Pods-TrackTV.debug.xcconfig"; path = "Pods/Target Support Files/Pods-TrackTV/Pods-TrackTV.debug.xcconfig"; sourceTree = "<group>"; };
		2FC252C517D7BF2A39DEB394 /* Pods_TrackTV.framework */ = {isa = PBXFileReference; explicitFileType = wrapper.framework; includeInIndex = 0; path = Pods_TrackTV.framework; sourceTree = BUILT_PRODUCTS_DIR; };
		3D9690608E99EACB95FF3451 /* Pods-TrackTVTests.debug.xcconfig */ = {isa = PBXFileReference; includeInIndex = 1; lastKnownFileType = text.xcconfig; name = "Pods-TrackTVTests.debug.xcconfig"; path = "Pods/Target Support Files/Pods-TrackTVTests/Pods-TrackTVTests.debug.xcconfig"; sourceTree = "<group>"; };
		45F53A1481D323406EB25E00 /* Pods_TrackTVTests.framework */ = {isa = PBXFileReference; explicitFileType = wrapper.framework; includeInIndex = 0; path = Pods_TrackTVTests.framework; sourceTree = BUILT_PRODUCTS_DIR; };
		6DE2868BC6F0D3C816732E76 /* Pods-TrackTV.release.xcconfig */ = {isa = PBXFileReference; includeInIndex = 1; lastKnownFileType = text.xcconfig; name = "Pods-TrackTV.release.xcconfig"; path = "Pods/Target Support Files/Pods-TrackTV/Pods-TrackTV.release.xcconfig"; sourceTree = "<group>"; };
		76E9104E71267C045C66D40E /* Pods-TrackTVTests.release.xcconfig */ = {isa = PBXFileReference; includeInIndex = 1; lastKnownFileType = text.xcconfig; name = "Pods-TrackTVTests.release.xcconfig"; path = "Pods/Target Support Files/Pods-TrackTVTests/Pods-TrackTVTests.release.xcconfig"; sourceTree = "<group>"; };
		E24BD74E1EAD24AC0027BDE9 /* TrackTV.app */ = {isa = PBXFileReference; explicitFileType = wrapper.application; includeInIndex = 0; path = TrackTV.app; sourceTree = BUILT_PRODUCTS_DIR; };
		E24BD7511EAD24AC0027BDE9 /* AppDelegate.swift */ = {isa = PBXFileReference; lastKnownFileType = sourcecode.swift; path = AppDelegate.swift; sourceTree = "<group>"; };
		E24BD7561EAD24AC0027BDE9 /* Base */ = {isa = PBXFileReference; lastKnownFileType = file.storyboard; name = Base; path = Base.lproj/Main.storyboard; sourceTree = "<group>"; };
		E24BD7581EAD24AC0027BDE9 /* Assets.xcassets */ = {isa = PBXFileReference; lastKnownFileType = folder.assetcatalog; path = Assets.xcassets; sourceTree = "<group>"; };
		E24BD75B1EAD24AC0027BDE9 /* Base */ = {isa = PBXFileReference; lastKnownFileType = file.storyboard; name = Base; path = Base.lproj/LaunchScreen.storyboard; sourceTree = "<group>"; };
		E24BD75D1EAD24AC0027BDE9 /* Info.plist */ = {isa = PBXFileReference; lastKnownFileType = text.plist.xml; path = Info.plist; sourceTree = "<group>"; };
		E24BD7621EAD24AC0027BDE9 /* TrackTVTests.xctest */ = {isa = PBXFileReference; explicitFileType = wrapper.cfbundle; includeInIndex = 0; path = TrackTVTests.xctest; sourceTree = BUILT_PRODUCTS_DIR; };
		E24BD7681EAD24AC0027BDE9 /* Info.plist */ = {isa = PBXFileReference; lastKnownFileType = text.plist.xml; path = Info.plist; sourceTree = "<group>"; };
		E24BD7721EAD2A000027BDE9 /* Genre.swift */ = {isa = PBXFileReference; fileEncoding = 4; lastKnownFileType = sourcecode.swift; path = Genre.swift; sourceTree = "<group>"; };
		E24BD7741EAD2A000027BDE9 /* Movie.swift */ = {isa = PBXFileReference; fileEncoding = 4; lastKnownFileType = sourcecode.swift; path = Movie.swift; sourceTree = "<group>"; };
		E24BD77A1EAD2C340027BDE9 /* GradientView.swift */ = {isa = PBXFileReference; fileEncoding = 4; lastKnownFileType = sourcecode.swift; path = GradientView.swift; sourceTree = "<group>"; };
		E24BD77C1EAD2EB00027BDE9 /* MovieCollectionViewCell.swift */ = {isa = PBXFileReference; fileEncoding = 4; lastKnownFileType = sourcecode.swift; path = MovieCollectionViewCell.swift; sourceTree = "<group>"; };
		E24BD77F1EAD32410027BDE9 /* MovieCollectionViewController.swift */ = {isa = PBXFileReference; fileEncoding = 4; lastKnownFileType = sourcecode.swift; path = MovieCollectionViewController.swift; sourceTree = "<group>"; };
		E24BD7821EAD39930027BDE9 /* Realm+Extensions.swift */ = {isa = PBXFileReference; fileEncoding = 4; lastKnownFileType = sourcecode.swift; path = "Realm+Extensions.swift"; sourceTree = "<group>"; };
		E24BD7841EAD3C060027BDE9 /* DataHandler.swift */ = {isa = PBXFileReference; fileEncoding = 4; lastKnownFileType = sourcecode.swift; path = DataHandler.swift; sourceTree = "<group>"; };
		E24BD7861EAD3D690027BDE9 /* JSONKeys.swift */ = {isa = PBXFileReference; fileEncoding = 4; lastKnownFileType = sourcecode.swift; path = JSONKeys.swift; sourceTree = "<group>"; };
		E24BD78A1EAD44DB0027BDE9 /* movie.json */ = {isa = PBXFileReference; fileEncoding = 4; lastKnownFileType = text.json; path = movie.json; sourceTree = "<group>"; };
		E2B2BCCD1EAD479D0049619E /* DataTests.swift */ = {isa = PBXFileReference; fileEncoding = 4; lastKnownFileType = sourcecode.swift; path = DataTests.swift; sourceTree = "<group>"; };
		E2B2BCCF1EAD53040049619E /* fanart.json */ = {isa = PBXFileReference; fileEncoding = 4; lastKnownFileType = text.json; path = fanart.json; sourceTree = "<group>"; };
		E2B2BCD21EAD573D0049619E /* MovieViewModel.swift */ = {isa = PBXFileReference; fileEncoding = 4; lastKnownFileType = sourcecode.swift; path = MovieViewModel.swift; sourceTree = "<group>"; };
/* End PBXFileReference section */

/* Begin PBXFrameworksBuildPhase section */
		E24BD74B1EAD24AC0027BDE9 /* Frameworks */ = {
			isa = PBXFrameworksBuildPhase;
			buildActionMask = 2147483647;
			files = (
				538123F7D3B5FD7E28B5D51F /* Pods_TrackTV.framework in Frameworks */,
			);
			runOnlyForDeploymentPostprocessing = 0;
		};
		E24BD75F1EAD24AC0027BDE9 /* Frameworks */ = {
			isa = PBXFrameworksBuildPhase;
			buildActionMask = 2147483647;
			files = (
				348BDC240FA04FF73369A4DA /* Pods_TrackTVTests.framework in Frameworks */,
			);
			runOnlyForDeploymentPostprocessing = 0;
		};
/* End PBXFrameworksBuildPhase section */

/* Begin PBXGroup section */
		1CD3B8C881A451C450CD71DF /* Pods */ = {
			isa = PBXGroup;
			children = (
				2A8C26DA0E3BDF60FA42B662 /* Pods-TrackTV.debug.xcconfig */,
				6DE2868BC6F0D3C816732E76 /* Pods-TrackTV.release.xcconfig */,
				3D9690608E99EACB95FF3451 /* Pods-TrackTVTests.debug.xcconfig */,
				76E9104E71267C045C66D40E /* Pods-TrackTVTests.release.xcconfig */,
			);
			name = Pods;
			sourceTree = "<group>";
		};
		E24BD7451EAD24AC0027BDE9 = {
			isa = PBXGroup;
			children = (
				E24BD7501EAD24AC0027BDE9 /* TrackTV */,
				E24BD7651EAD24AC0027BDE9 /* TrackTVTests */,
				E24BD74F1EAD24AC0027BDE9 /* Products */,
				1CD3B8C881A451C450CD71DF /* Pods */,
				FE6869FE6503334A0F0EDC46 /* Frameworks */,
			);
			sourceTree = "<group>";
		};
		E24BD74F1EAD24AC0027BDE9 /* Products */ = {
			isa = PBXGroup;
			children = (
				E24BD74E1EAD24AC0027BDE9 /* TrackTV.app */,
				E24BD7621EAD24AC0027BDE9 /* TrackTVTests.xctest */,
			);
			name = Products;
			sourceTree = "<group>";
		};
		E24BD7501EAD24AC0027BDE9 /* TrackTV */ = {
			isa = PBXGroup;
			children = (
				E24BD7511EAD24AC0027BDE9 /* AppDelegate.swift */,
				E24BD7811EAD39930027BDE9 /* Additional Files / Extensions */,
				E24BD7711EAD2A000027BDE9 /* Model */,
				E24BD7791EAD2C340027BDE9 /* View */,
				E2B2BCD11EAD571A0049619E /* ViewModel */,
				E24BD77E1EAD321A0027BDE9 /* Controller */,
				E24BD7781EAD2A0C0027BDE9 /* Resources */,
			);
			path = TrackTV;
			sourceTree = "<group>";
		};
		E24BD7651EAD24AC0027BDE9 /* TrackTVTests */ = {
			isa = PBXGroup;
			children = (
				E24BD7681EAD24AC0027BDE9 /* Info.plist */,
				E24BD78A1EAD44DB0027BDE9 /* movie.json */,
				E2B2BCCF1EAD53040049619E /* fanart.json */,
				E2B2BCCD1EAD479D0049619E /* DataTests.swift */,
			);
			path = TrackTVTests;
			sourceTree = "<group>";
		};
		E24BD7711EAD2A000027BDE9 /* Model */ = {
			isa = PBXGroup;
			children = (
				E24BD7721EAD2A000027BDE9 /* Genre.swift */,
				E24BD7741EAD2A000027BDE9 /* Movie.swift */,
			);
			path = Model;
			sourceTree = "<group>";
		};
		E24BD7781EAD2A0C0027BDE9 /* Resources */ = {
			isa = PBXGroup;
			children = (
				E24BD7551EAD24AC0027BDE9 /* Main.storyboard */,
				E24BD7581EAD24AC0027BDE9 /* Assets.xcassets */,
				E24BD75A1EAD24AC0027BDE9 /* LaunchScreen.storyboard */,
				E24BD75D1EAD24AC0027BDE9 /* Info.plist */,
			);
			name = Resources;
			sourceTree = "<group>";
		};
		E24BD7791EAD2C340027BDE9 /* View */ = {
			isa = PBXGroup;
			children = (
				E24BD77A1EAD2C340027BDE9 /* GradientView.swift */,
				E24BD77C1EAD2EB00027BDE9 /* MovieCollectionViewCell.swift */,
			);
			path = View;
			sourceTree = "<group>";
		};
		E24BD77E1EAD321A0027BDE9 /* Controller */ = {
			isa = PBXGroup;
			children = (
				E24BD77F1EAD32410027BDE9 /* MovieCollectionViewController.swift */,
			);
			path = Controller;
			sourceTree = "<group>";
		};
		E24BD7811EAD39930027BDE9 /* Additional Files / Extensions */ = {
			isa = PBXGroup;
			children = (
				E24BD7861EAD3D690027BDE9 /* JSONKeys.swift */,
				E24BD7841EAD3C060027BDE9 /* DataHandler.swift */,
				E24BD7821EAD39930027BDE9 /* Realm+Extensions.swift */,
			);
			name = "Additional Files / Extensions";
			path = "Additional Files:Extensions";
			sourceTree = "<group>";
		};
		E2B2BCD11EAD571A0049619E /* ViewModel */ = {
			isa = PBXGroup;
			children = (
				E2B2BCD21EAD573D0049619E /* MovieViewModel.swift */,
			);
			path = ViewModel;
			sourceTree = "<group>";
		};
		FE6869FE6503334A0F0EDC46 /* Frameworks */ = {
			isa = PBXGroup;
			children = (
				2FC252C517D7BF2A39DEB394 /* Pods_TrackTV.framework */,
				45F53A1481D323406EB25E00 /* Pods_TrackTVTests.framework */,
			);
			name = Frameworks;
			sourceTree = "<group>";
		};
/* End PBXGroup section */

/* Begin PBXNativeTarget section */
		E24BD74D1EAD24AC0027BDE9 /* TrackTV */ = {
			isa = PBXNativeTarget;
			buildConfigurationList = E24BD76B1EAD24AC0027BDE9 /* Build configuration list for PBXNativeTarget "TrackTV" */;
			buildPhases = (
				BAEDC5E155B41400C9168B9E /* [CP] Check Pods Manifest.lock */,
				E24BD74A1EAD24AC0027BDE9 /* Sources */,
				E24BD74B1EAD24AC0027BDE9 /* Frameworks */,
				E24BD74C1EAD24AC0027BDE9 /* Resources */,
				6AB6FD8D940B829982BC1B87 /* [CP] Embed Pods Frameworks */,
				2BA25481A3D87CAC4E9F149B /* [CP] Copy Pods Resources */,
			);
			buildRules = (
			);
			dependencies = (
			);
			name = TrackTV;
			productName = TrackTV;
			productReference = E24BD74E1EAD24AC0027BDE9 /* TrackTV.app */;
			productType = "com.apple.product-type.application";
		};
		E24BD7611EAD24AC0027BDE9 /* TrackTVTests */ = {
			isa = PBXNativeTarget;
			buildConfigurationList = E24BD76E1EAD24AC0027BDE9 /* Build configuration list for PBXNativeTarget "TrackTVTests" */;
			buildPhases = (
				1743D107405A546AB80254EF /* [CP] Check Pods Manifest.lock */,
				E24BD75E1EAD24AC0027BDE9 /* Sources */,
				E24BD75F1EAD24AC0027BDE9 /* Frameworks */,
				E24BD7601EAD24AC0027BDE9 /* Resources */,
				05EF68C35DE044D468AA20BC /* [CP] Embed Pods Frameworks */,
				0E94B786946F0AA28D5CFD25 /* [CP] Copy Pods Resources */,
			);
			buildRules = (
			);
			dependencies = (
				E24BD7641EAD24AC0027BDE9 /* PBXTargetDependency */,
			);
			name = TrackTVTests;
			productName = TrackTVTests;
			productReference = E24BD7621EAD24AC0027BDE9 /* TrackTVTests.xctest */;
			productType = "com.apple.product-type.bundle.unit-test";
		};
/* End PBXNativeTarget section */

/* Begin PBXProject section */
		E24BD7461EAD24AC0027BDE9 /* Project object */ = {
			isa = PBXProject;
			attributes = {
				LastSwiftUpdateCheck = 0830;
				LastUpgradeCheck = 0830;
				ORGANIZATIONNAME = "Arturs Derkintis";
				TargetAttributes = {
					E24BD74D1EAD24AC0027BDE9 = {
						CreatedOnToolsVersion = 8.3;
						DevelopmentTeam = F7N28ZQT97;
						ProvisioningStyle = Automatic;
					};
					E24BD7611EAD24AC0027BDE9 = {
						CreatedOnToolsVersion = 8.3;
						DevelopmentTeam = F7N28ZQT97;
						LastSwiftMigration = 0830;
						ProvisioningStyle = Automatic;
						TestTargetID = E24BD74D1EAD24AC0027BDE9;
					};
				};
			};
			buildConfigurationList = E24BD7491EAD24AC0027BDE9 /* Build configuration list for PBXProject "TrackTV" */;
			compatibilityVersion = "Xcode 3.2";
			developmentRegion = English;
			hasScannedForEncodings = 0;
			knownRegions = (
				en,
				Base,
			);
			mainGroup = E24BD7451EAD24AC0027BDE9;
			productRefGroup = E24BD74F1EAD24AC0027BDE9 /* Products */;
			projectDirPath = "";
			projectRoot = "";
			targets = (
				E24BD74D1EAD24AC0027BDE9 /* TrackTV */,
				E24BD7611EAD24AC0027BDE9 /* TrackTVTests */,
			);
		};
/* End PBXProject section */

/* Begin PBXResourcesBuildPhase section */
		E24BD74C1EAD24AC0027BDE9 /* Resources */ = {
			isa = PBXResourcesBuildPhase;
			buildActionMask = 2147483647;
			files = (
				E24BD75C1EAD24AC0027BDE9 /* LaunchScreen.storyboard in Resources */,
				E24BD7591EAD24AC0027BDE9 /* Assets.xcassets in Resources */,
				E24BD7571EAD24AC0027BDE9 /* Main.storyboard in Resources */,
			);
			runOnlyForDeploymentPostprocessing = 0;
		};
		E24BD7601EAD24AC0027BDE9 /* Resources */ = {
			isa = PBXResourcesBuildPhase;
			buildActionMask = 2147483647;
			files = (
				E24BD78B1EAD44DB0027BDE9 /* movie.json in Resources */,
				E2B2BCD01EAD53040049619E /* fanart.json in Resources */,
			);
			runOnlyForDeploymentPostprocessing = 0;
		};
/* End PBXResourcesBuildPhase section */

/* Begin PBXShellScriptBuildPhase section */
		05EF68C35DE044D468AA20BC /* [CP] Embed Pods Frameworks */ = {
			isa = PBXShellScriptBuildPhase;
			buildActionMask = 2147483647;
			files = (
			);
			inputPaths = (
			);
			name = "[CP] Embed Pods Frameworks";
			outputPaths = (
			);
			runOnlyForDeploymentPostprocessing = 0;
			shellPath = /bin/sh;
			shellScript = "\"${SRCROOT}/Pods/Target Support Files/Pods-TrackTVTests/Pods-TrackTVTests-frameworks.sh\"\n";
			showEnvVarsInLog = 0;
		};
		0E94B786946F0AA28D5CFD25 /* [CP] Copy Pods Resources */ = {
			isa = PBXShellScriptBuildPhase;
			buildActionMask = 2147483647;
			files = (
			);
			inputPaths = (
			);
			name = "[CP] Copy Pods Resources";
			outputPaths = (
			);
			runOnlyForDeploymentPostprocessing = 0;
			shellPath = /bin/sh;
			shellScript = "\"${SRCROOT}/Pods/Target Support Files/Pods-TrackTVTests/Pods-TrackTVTests-resources.sh\"\n";
			showEnvVarsInLog = 0;
		};
		1743D107405A546AB80254EF /* [CP] Check Pods Manifest.lock */ = {
			isa = PBXShellScriptBuildPhase;
			buildActionMask = 2147483647;
			files = (
			);
			inputPaths = (
			);
			name = "[CP] Check Pods Manifest.lock";
			outputPaths = (
			);
			runOnlyForDeploymentPostprocessing = 0;
			shellPath = /bin/sh;
			shellScript = "diff \"${PODS_ROOT}/../Podfile.lock\" \"${PODS_ROOT}/Manifest.lock\" > /dev/null\nif [ $? != 0 ] ; then\n    # print error to STDERR\n    echo \"error: The sandbox is not in sync with the Podfile.lock. Run 'pod install' or update your CocoaPods installation.\" >&2\n    exit 1\nfi\n";
			showEnvVarsInLog = 0;
		};
		2BA25481A3D87CAC4E9F149B /* [CP] Copy Pods Resources */ = {
			isa = PBXShellScriptBuildPhase;
			buildActionMask = 2147483647;
			files = (
			);
			inputPaths = (
			);
			name = "[CP] Copy Pods Resources";
			outputPaths = (
			);
			runOnlyForDeploymentPostprocessing = 0;
			shellPath = /bin/sh;
			shellScript = "\"${SRCROOT}/Pods/Target Support Files/Pods-TrackTV/Pods-TrackTV-resources.sh\"\n";
			showEnvVarsInLog = 0;
		};
		6AB6FD8D940B829982BC1B87 /* [CP] Embed Pods Frameworks */ = {
			isa = PBXShellScriptBuildPhase;
			buildActionMask = 2147483647;
			files = (
			);
			inputPaths = (
			);
			name = "[CP] Embed Pods Frameworks";
			outputPaths = (
			);
			runOnlyForDeploymentPostprocessing = 0;
			shellPath = /bin/sh;
			shellScript = "\"${SRCROOT}/Pods/Target Support Files/Pods-TrackTV/Pods-TrackTV-frameworks.sh\"\n";
			showEnvVarsInLog = 0;
		};
		BAEDC5E155B41400C9168B9E /* [CP] Check Pods Manifest.lock */ = {
			isa = PBXShellScriptBuildPhase;
			buildActionMask = 2147483647;
			files = (
			);
			inputPaths = (
			);
			name = "[CP] Check Pods Manifest.lock";
			outputPaths = (
			);
			runOnlyForDeploymentPostprocessing = 0;
			shellPath = /bin/sh;
			shellScript = "diff \"${PODS_ROOT}/../Podfile.lock\" \"${PODS_ROOT}/Manifest.lock\" > /dev/null\nif [ $? != 0 ] ; then\n    # print error to STDERR\n    echo \"error: The sandbox is not in sync with the Podfile.lock. Run 'pod install' or update your CocoaPods installation.\" >&2\n    exit 1\nfi\n";
			showEnvVarsInLog = 0;
		};
/* End PBXShellScriptBuildPhase section */

/* Begin PBXSourcesBuildPhase section */
		E24BD74A1EAD24AC0027BDE9 /* Sources */ = {
			isa = PBXSourcesBuildPhase;
			buildActionMask = 2147483647;
			files = (
				E24BD7751EAD2A000027BDE9 /* Genre.swift in Sources */,
				E24BD7761EAD2A000027BDE9 /* Images.swift in Sources */,
				E24BD77B1EAD2C340027BDE9 /* GradientView.swift in Sources */,
				E24BD7801EAD32410027BDE9 /* MovieCollectionViewController.swift in Sources */,
				E24BD7851EAD3C060027BDE9 /* DataHandler.swift in Sources */,
				E24BD77D1EAD2EB00027BDE9 /* MovieCollectionViewCell.swift in Sources */,
				E24BD7831EAD39930027BDE9 /* Realm+Extensions.swift in Sources */,
				E24BD7871EAD3D690027BDE9 /* JSONKeys.swift in Sources */,
				E2B2BCD31EAD573D0049619E /* MovieViewModel.swift in Sources */,
				E24BD7521EAD24AC0027BDE9 /* AppDelegate.swift in Sources */,
				E24BD7771EAD2A000027BDE9 /* Movie.swift in Sources */,
			);
			runOnlyForDeploymentPostprocessing = 0;
		};
		E24BD75E1EAD24AC0027BDE9 /* Sources */ = {
			isa = PBXSourcesBuildPhase;
			buildActionMask = 2147483647;
			files = (
				E2B2BCCE1EAD479D0049619E /* DataTests.swift in Sources */,
			);
			runOnlyForDeploymentPostprocessing = 0;
		};
/* End PBXSourcesBuildPhase section */

/* Begin PBXTargetDependency section */
		E24BD7641EAD24AC0027BDE9 /* PBXTargetDependency */ = {
			isa = PBXTargetDependency;
			target = E24BD74D1EAD24AC0027BDE9 /* TrackTV */;
			targetProxy = E24BD7631EAD24AC0027BDE9 /* PBXContainerItemProxy */;
		};
/* End PBXTargetDependency section */

/* Begin PBXVariantGroup section */
		E24BD7551EAD24AC0027BDE9 /* Main.storyboard */ = {
			isa = PBXVariantGroup;
			children = (
				E24BD7561EAD24AC0027BDE9 /* Base */,
			);
			name = Main.storyboard;
			sourceTree = "<group>";
		};
		E24BD75A1EAD24AC0027BDE9 /* LaunchScreen.storyboard */ = {
			isa = PBXVariantGroup;
			children = (
				E24BD75B1EAD24AC0027BDE9 /* Base */,
			);
			name = LaunchScreen.storyboard;
			sourceTree = "<group>";
		};
/* End PBXVariantGroup section */

/* Begin XCBuildConfiguration section */
		E24BD7691EAD24AC0027BDE9 /* Debug */ = {
			isa = XCBuildConfiguration;
			buildSettings = {
				ALWAYS_SEARCH_USER_PATHS = NO;
				CLANG_ANALYZER_NONNULL = YES;
				CLANG_ANALYZER_NUMBER_OBJECT_CONVERSION = YES_AGGRESSIVE;
				CLANG_CXX_LANGUAGE_STANDARD = "gnu++0x";
				CLANG_CXX_LIBRARY = "libc++";
				CLANG_ENABLE_MODULES = YES;
				CLANG_ENABLE_OBJC_ARC = YES;
				CLANG_WARN_BOOL_CONVERSION = YES;
				CLANG_WARN_CONSTANT_CONVERSION = YES;
				CLANG_WARN_DIRECT_OBJC_ISA_USAGE = YES_ERROR;
				CLANG_WARN_DOCUMENTATION_COMMENTS = YES;
				CLANG_WARN_EMPTY_BODY = YES;
				CLANG_WARN_ENUM_CONVERSION = YES;
				CLANG_WARN_INFINITE_RECURSION = YES;
				CLANG_WARN_INT_CONVERSION = YES;
				CLANG_WARN_OBJC_ROOT_CLASS = YES_ERROR;
				CLANG_WARN_SUSPICIOUS_MOVE = YES;
				CLANG_WARN_UNREACHABLE_CODE = YES;
				CLANG_WARN__DUPLICATE_METHOD_MATCH = YES;
				"CODE_SIGN_IDENTITY[sdk=iphoneos*]" = "iPhone Developer";
				COPY_PHASE_STRIP = NO;
				DEBUG_INFORMATION_FORMAT = dwarf;
				ENABLE_STRICT_OBJC_MSGSEND = YES;
				ENABLE_TESTABILITY = YES;
				GCC_C_LANGUAGE_STANDARD = gnu99;
				GCC_DYNAMIC_NO_PIC = NO;
				GCC_NO_COMMON_BLOCKS = YES;
				GCC_OPTIMIZATION_LEVEL = 0;
				GCC_PREPROCESSOR_DEFINITIONS = (
					"DEBUG=1",
					"$(inherited)",
				);
				GCC_WARN_64_TO_32_BIT_CONVERSION = YES;
				GCC_WARN_ABOUT_RETURN_TYPE = YES_ERROR;
				GCC_WARN_UNDECLARED_SELECTOR = YES;
				GCC_WARN_UNINITIALIZED_AUTOS = YES_AGGRESSIVE;
				GCC_WARN_UNUSED_FUNCTION = YES;
				GCC_WARN_UNUSED_VARIABLE = YES;
				IPHONEOS_DEPLOYMENT_TARGET = 10.3;
				MTL_ENABLE_DEBUG_INFO = YES;
				ONLY_ACTIVE_ARCH = YES;
				SDKROOT = iphoneos;
				SWIFT_ACTIVE_COMPILATION_CONDITIONS = DEBUG;
				SWIFT_OPTIMIZATION_LEVEL = "-Onone";
				TARGETED_DEVICE_FAMILY = "1,2";
			};
			name = Debug;
		};
		E24BD76A1EAD24AC0027BDE9 /* Release */ = {
			isa = XCBuildConfiguration;
			buildSettings = {
				ALWAYS_SEARCH_USER_PATHS = NO;
				CLANG_ANALYZER_NONNULL = YES;
				CLANG_ANALYZER_NUMBER_OBJECT_CONVERSION = YES_AGGRESSIVE;
				CLANG_CXX_LANGUAGE_STANDARD = "gnu++0x";
				CLANG_CXX_LIBRARY = "libc++";
				CLANG_ENABLE_MODULES = YES;
				CLANG_ENABLE_OBJC_ARC = YES;
				CLANG_WARN_BOOL_CONVERSION = YES;
				CLANG_WARN_CONSTANT_CONVERSION = YES;
				CLANG_WARN_DIRECT_OBJC_ISA_USAGE = YES_ERROR;
				CLANG_WARN_DOCUMENTATION_COMMENTS = YES;
				CLANG_WARN_EMPTY_BODY = YES;
				CLANG_WARN_ENUM_CONVERSION = YES;
				CLANG_WARN_INFINITE_RECURSION = YES;
				CLANG_WARN_INT_CONVERSION = YES;
				CLANG_WARN_OBJC_ROOT_CLASS = YES_ERROR;
				CLANG_WARN_SUSPICIOUS_MOVE = YES;
				CLANG_WARN_UNREACHABLE_CODE = YES;
				CLANG_WARN__DUPLICATE_METHOD_MATCH = YES;
				"CODE_SIGN_IDENTITY[sdk=iphoneos*]" = "iPhone Developer";
				COPY_PHASE_STRIP = NO;
				DEBUG_INFORMATION_FORMAT = "dwarf-with-dsym";
				ENABLE_NS_ASSERTIONS = NO;
				ENABLE_STRICT_OBJC_MSGSEND = YES;
				GCC_C_LANGUAGE_STANDARD = gnu99;
				GCC_NO_COMMON_BLOCKS = YES;
				GCC_WARN_64_TO_32_BIT_CONVERSION = YES;
				GCC_WARN_ABOUT_RETURN_TYPE = YES_ERROR;
				GCC_WARN_UNDECLARED_SELECTOR = YES;
				GCC_WARN_UNINITIALIZED_AUTOS = YES_AGGRESSIVE;
				GCC_WARN_UNUSED_FUNCTION = YES;
				GCC_WARN_UNUSED_VARIABLE = YES;
				IPHONEOS_DEPLOYMENT_TARGET = 10.3;
				MTL_ENABLE_DEBUG_INFO = NO;
				SDKROOT = iphoneos;
				SWIFT_OPTIMIZATION_LEVEL = "-Owholemodule";
				TARGETED_DEVICE_FAMILY = "1,2";
				VALIDATE_PRODUCT = YES;
			};
			name = Release;
		};
		E24BD76C1EAD24AC0027BDE9 /* Debug */ = {
			isa = XCBuildConfiguration;
			baseConfigurationReference = 2A8C26DA0E3BDF60FA42B662 /* Pods-TrackTV.debug.xcconfig */;
			buildSettings = {
				ASSETCATALOG_COMPILER_APPICON_NAME = AppIcon;
				DEVELOPMENT_TEAM = F7N28ZQT97;
				INFOPLIST_FILE = TrackTV/Info.plist;
				LD_RUNPATH_SEARCH_PATHS = "$(inherited) @executable_path/Frameworks";
				PRODUCT_BUNDLE_IDENTIFIER = com.artursderkintis.TrackTV;
				PRODUCT_NAME = "$(TARGET_NAME)";
				SWIFT_VERSION = 3.0;
			};
			name = Debug;
		};
		E24BD76D1EAD24AC0027BDE9 /* Release */ = {
			isa = XCBuildConfiguration;
			baseConfigurationReference = 6DE2868BC6F0D3C816732E76 /* Pods-TrackTV.release.xcconfig */;
			buildSettings = {
				ASSETCATALOG_COMPILER_APPICON_NAME = AppIcon;
				DEVELOPMENT_TEAM = F7N28ZQT97;
				INFOPLIST_FILE = TrackTV/Info.plist;
				LD_RUNPATH_SEARCH_PATHS = "$(inherited) @executable_path/Frameworks";
				PRODUCT_BUNDLE_IDENTIFIER = com.artursderkintis.TrackTV;
				PRODUCT_NAME = "$(TARGET_NAME)";
				SWIFT_VERSION = 3.0;
			};
			name = Release;
		};
		E24BD76F1EAD24AC0027BDE9 /* Debug */ = {
			isa = XCBuildConfiguration;
			baseConfigurationReference = 3D9690608E99EACB95FF3451 /* Pods-TrackTVTests.debug.xcconfig */;
			buildSettings = {
				ALWAYS_EMBED_SWIFT_STANDARD_LIBRARIES = YES;
				BUNDLE_LOADER = "$(TEST_HOST)";
				CLANG_ENABLE_MODULES = YES;
				DEVELOPMENT_TEAM = F7N28ZQT97;
				INFOPLIST_FILE = TrackTVTests/Info.plist;
				LD_RUNPATH_SEARCH_PATHS = "$(inherited) @executable_path/Frameworks @loader_path/Frameworks";
				PRODUCT_BUNDLE_IDENTIFIER = com.artursderkintis.TrackTVTests;
				PRODUCT_NAME = "$(TARGET_NAME)";
				SWIFT_OPTIMIZATION_LEVEL = "-Onone";
				SWIFT_VERSION = 3.0;
				TEST_HOST = "$(BUILT_PRODUCTS_DIR)/TrackTV.app/TrackTV";
			};
			name = Debug;
		};
		E24BD7701EAD24AC0027BDE9 /* Release */ = {
			isa = XCBuildConfiguration;
			baseConfigurationReference = 76E9104E71267C045C66D40E /* Pods-TrackTVTests.release.xcconfig */;
			buildSettings = {
				ALWAYS_EMBED_SWIFT_STANDARD_LIBRARIES = YES;
				BUNDLE_LOADER = "$(TEST_HOST)";
				CLANG_ENABLE_MODULES = YES;
				DEVELOPMENT_TEAM = F7N28ZQT97;
				INFOPLIST_FILE = TrackTVTests/Info.plist;
				LD_RUNPATH_SEARCH_PATHS = "$(inherited) @executable_path/Frameworks @loader_path/Frameworks";
				PRODUCT_BUNDLE_IDENTIFIER = com.artursderkintis.TrackTVTests;
				PRODUCT_NAME = "$(TARGET_NAME)";
				SWIFT_VERSION = 3.0;
				TEST_HOST = "$(BUILT_PRODUCTS_DIR)/TrackTV.app/TrackTV";
			};
			name = Release;
		};
/* End XCBuildConfiguration section */

/* Begin XCConfigurationList section */
		E24BD7491EAD24AC0027BDE9 /* Build configuration list for PBXProject "TrackTV" */ = {
			isa = XCConfigurationList;
			buildConfigurations = (
				E24BD7691EAD24AC0027BDE9 /* Debug */,
				E24BD76A1EAD24AC0027BDE9 /* Release */,
			);
			defaultConfigurationIsVisible = 0;
			defaultConfigurationName = Release;
		};
		E24BD76B1EAD24AC0027BDE9 /* Build configuration list for PBXNativeTarget "TrackTV" */ = {
			isa = XCConfigurationList;
			buildConfigurations = (
				E24BD76C1EAD24AC0027BDE9 /* Debug */,
				E24BD76D1EAD24AC0027BDE9 /* Release */,
			);
			defaultConfigurationIsVisible = 0;
			defaultConfigurationName = Release;
		};
		E24BD76E1EAD24AC0027BDE9 /* Build configuration list for PBXNativeTarget "TrackTVTests" */ = {
			isa = XCConfigurationList;
			buildConfigurations = (
				E24BD76F1EAD24AC0027BDE9 /* Debug */,
				E24BD7701EAD24AC0027BDE9 /* Release */,
			);
			defaultConfigurationIsVisible = 0;
			defaultConfigurationName = Release;
		};
/* End XCConfigurationList section */
	};
	rootObject = E24BD7461EAD24AC0027BDE9 /* Project object */;
}
